
Microsoft Visual Studio Solution File, Format Version 12.00
# Visual Studio Version 17
VisualStudioVersion = 17.13.35818.85 d17.13
MinimumVisualStudioVersion = 10.0.40219.1
Project("{FAE04EC0-301F-11D3-BF4B-00C04F79EFBC}") = "ITI-Hackathon", "ITI-Hackathon.csproj", "{671706BA-155F-CF7C-5CE1-74430014B843}"
EndProject
Global
	GlobalSection(SolutionConfigurationPlatforms) = preSolution
		Debug|Any CPU = Debug|Any CPU
		Release|Any CPU = Release|Any CPU
	EndGlobalSection
	GlobalSection(ProjectConfigurationPlatforms) = postSolution
		{671706BA-155F-CF7C-5CE1-74430014B843}.Debug|Any CPU.ActiveCfg = Debug|Any CPU
		{671706BA-155F-CF7C-5CE1-74430014B843}.Debug|Any CPU.Build.0 = Debug|Any CPU
		{671706BA-155F-CF7C-5CE1-74430014B843}.Release|Any CPU.ActiveCfg = Release|Any CPU
		{671706BA-155F-CF7C-5CE1-74430014B843}.Release|Any CPU.Build.0 = Release|Any CPU
	EndGlobalSection
	GlobalSection(SolutionProperties) = preSolution
		HideSolutionNode = FALSE
	EndGlobalSection
	GlobalSection(ExtensibilityGlobals) = postSolution
		SolutionGuid = {B3A983C2-F563-4243-957A-8E534656497A}
	EndGlobalSection
EndGlobal
